// !$*UTF8*$!
{
	archiveVersion = 1;
	classes = {
	};
	objectVersion = 46;
	objects = {

/* Begin PBXBuildFile section */
		9A1A6C061B14D03600419FD1 /* main.m in Sources */ = {isa = PBXBuildFile; fileRef = 9A1A6C051B14D03600419FD1 /* main.m */; };
		9A1A6C091B14D03600419FD1 /* AppDelegate.m in Sources */ = {isa = PBXBuildFile; fileRef = 9A1A6C081B14D03600419FD1 /* AppDelegate.m */; };
		9A1A6C0C1B14D03600419FD1 /* ViewController.m in Sources */ = {isa = PBXBuildFile; fileRef = 9A1A6C0B1B14D03600419FD1 /* ViewController.m */; };
		9A1A6C0F1B14D03600419FD1 /* Main.storyboard in Resources */ = {isa = PBXBuildFile; fileRef = 9A1A6C0D1B14D03600419FD1 /* Main.storyboard */; };
		9A1A6C111B14D03600419FD1 /* Images.xcassets in Resources */ = {isa = PBXBuildFile; fileRef = 9A1A6C101B14D03600419FD1 /* Images.xcassets */; };
		9A1A6C141B14D03600419FD1 /* LaunchScreen.xib in Resources */ = {isa = PBXBuildFile; fileRef = 9A1A6C121B14D03600419FD1 /* LaunchScreen.xib */; };
		9A1A6C201B14D03600419FD1 /* SuperHeroesTests.m in Sources */ = {isa = PBXBuildFile; fileRef = 9A1A6C1F1B14D03600419FD1 /* SuperHeroesTests.m */; };
/* End PBXBuildFile section */

/* Begin PBXContainerItemProxy section */
		9A1A6C1A1B14D03600419FD1 /* PBXContainerItemProxy */ = {
			isa = PBXContainerItemProxy;
			containerPortal = 9A1A6BF81B14D03600419FD1 /* Project object */;
			proxyType = 1;
			remoteGlobalIDString = 9A1A6BFF1B14D03600419FD1;
			remoteInfo = SuperHeroes;
		};
/* End PBXContainerItemProxy section */

/* Begin PBXFileReference section */
		9A1A6C001B14D03600419FD1 /* SuperHeroes.app */ = {isa = PBXFileReference; explicitFileType = wrapper.application; includeInIndex = 0; path = SuperHeroes.app; sourceTree = BUILT_PRODUCTS_DIR; };
		9A1A6C041B14D03600419FD1 /* Info.plist */ = {isa = PBXFileReference; lastKnownFileType = text.plist.xml; path = Info.plist; sourceTree = "<group>"; };
		9A1A6C051B14D03600419FD1 /* main.m */ = {isa = PBXFileReference; lastKnownFileType = sourcecode.c.objc; path = main.m; sourceTree = "<group>"; };
		9A1A6C071B14D03600419FD1 /* AppDelegate.h */ = {isa = PBXFileReference; lastKnownFileType = sourcecode.c.h; path = AppDelegate.h; sourceTree = "<group>"; };
		9A1A6C081B14D03600419FD1 /* AppDelegate.m */ = {isa = PBXFileReference; lastKnownFileType = sourcecode.c.objc; path = AppDelegate.m; sourceTree = "<group>"; };
		9A1A6C0A1B14D03600419FD1 /* ViewController.h */ = {isa = PBXFileReference; lastKnownFileType = sourcecode.c.h; path = ViewController.h; sourceTree = "<group>"; };
		9A1A6C0B1B14D03600419FD1 /* ViewController.m */ = {isa = PBXFileReference; lastKnownFileType = sourcecode.c.objc; path = ViewController.m; sourceTree = "<group>"; };
		9A1A6C0E1B14D03600419FD1 /* Base */ = {isa = PBXFileReference; lastKnownFileType = file.storyboard; name = Base; path = Base.lproj/Main.storyboard; sourceTree = "<group>"; };
		9A1A6C101B14D03600419FD1 /* Images.xcassets */ = {isa = PBXFileReference; lastKnownFileType = folder.assetcatalog; path = Images.xcassets; sourceTree = "<group>"; };
		9A1A6C131B14D03600419FD1 /* Base */ = {isa = PBXFileReference; lastKnownFileType = file.xib; name = Base; path = Base.lproj/LaunchScreen.xib; sourceTree = "<group>"; };
		9A1A6C191B14D03600419FD1 /* SuperHeroesTests.xctest */ = {isa = PBXFileReference; explicitFileType = wrapper.cfbundle; includeInIndex = 0; path = SuperHeroesTests.xctest; sourceTree = BUILT_PRODUCTS_DIR; };
		9A1A6C1E1B14D03600419FD1 /* Info.plist */ = {isa = PBXFileReference; lastKnownFileType = text.plist.xml; path = Info.plist; sourceTree = "<group>"; };
		9A1A6C1F1B14D03600419FD1 /* SuperHeroesTests.m */ = {isa = PBXFileReference; lastKnownFileType = sourcecode.c.objc; path = SuperHeroesTests.m; sourceTree = "<group>"; };
/* End PBXFileReference section */

/* Begin PBXFrameworksBuildPhase section */
		9A1A6BFD1B14D03600419FD1 /* Frameworks */ = {
			isa = PBXFrameworksBuildPhase;
			buildActionMask = 2147483647;
			files = (
			);
			runOnlyForDeploymentPostprocessing = 0;
		};
		9A1A6C161B14D03600419FD1 /* Frameworks */ = {
			isa = PBXFrameworksBuildPhase;
			buildActionMask = 2147483647;
			files = (
			);
			runOnlyForDeploymentPostprocessing = 0;
		};
/* End PBXFrameworksBuildPhase section */

/* Begin PBXGroup section */
		9A1A6BF71B14D03600419FD1 = {
			isa = PBXGroup;
			children = (
				9A1A6C021B14D03600419FD1 /* SuperHeroes */,
				9A1A6C1C1B14D03600419FD1 /* SuperHeroesTests */,
				9A1A6C011B14D03600419FD1 /* Products */,
			);
			sourceTree = "<group>";
		};
		9A1A6C011B14D03600419FD1 /* Products */ = {
			isa = PBXGroup;
			children = (
				9A1A6C001B14D03600419FD1 /* SuperHeroes.app */,
				9A1A6C191B14D03600419FD1 /* SuperHeroesTests.xctest */,
			);
			name = Products;
			sourceTree = "<group>";
		};
		9A1A6C021B14D03600419FD1 /* SuperHeroes */ = {
			isa = PBXGroup;
			children = (
				9A1A6C071B14D03600419FD1 /* AppDelegate.h */,
				9A1A6C081B14D03600419FD1 /* AppDelegate.m */,
				9A1A6C0A1B14D03600419FD1 /* ViewController.h */,
				9A1A6C0B1B14D03600419FD1 /* ViewController.m */,
				9A1A6C0D1B14D03600419FD1 /* Main.storyboard */,
				9A1A6C101B14D03600419FD1 /* Images.xcassets */,
				9A1A6C121B14D03600419FD1 /* LaunchScreen.xib */,
				9A1A6C031B14D03600419FD1 /* Supporting Files */,
			);
			path = SuperHeroes;
			sourceTree = "<group>";
		};
		9A1A6C031B14D03600419FD1 /* Supporting Files */ = {
			isa = PBXGroup;
			children = (
				9A1A6C041B14D03600419FD1 /* Info.plist */,
				9A1A6C051B14D03600419FD1 /* main.m */,
			);
			name = "Supporting Files";
			sourceTree = "<group>";
		};
		9A1A6C1C1B14D03600419FD1 /* SuperHeroesTests */ = {
			isa = PBXGroup;
			children = (
				9A1A6C1F1B14D03600419FD1 /* SuperHeroesTests.m */,
				9A1A6C1D1B14D03600419FD1 /* Supporting Files */,
			);
			path = SuperHeroesTests;
			sourceTree = "<group>";
		};
		9A1A6C1D1B14D03600419FD1 /* Supporting Files */ = {
			isa = PBXGroup;
			children = (
				9A1A6C1E1B14D03600419FD1 /* Info.plist */,
			);
			name = "Supporting Files";
			sourceTree = "<group>";
		};
/* End PBXGroup section */

/* Begin PBXNativeTarget section */
		9A1A6BFF1B14D03600419FD1 /* SuperHeroes */ = {
			isa = PBXNativeTarget;
			buildConfigurationList = 9A1A6C231B14D03600419FD1 /* Build configuration list for PBXNativeTarget "SuperHeroes" */;
			buildPhases = (
				9A1A6BFC1B14D03600419FD1 /* Sources */,
				9A1A6BFD1B14D03600419FD1 /* Frameworks */,
				9A1A6BFE1B14D03600419FD1 /* Resources */,
			);
			buildRules = (
			);
			dependencies = (
			);
			name = SuperHeroes;
			productName = SuperHeroes;
			productReference = 9A1A6C001B14D03600419FD1 /* SuperHeroes.app */;
			productType = "com.apple.product-type.application";
		};
		9A1A6C181B14D03600419FD1 /* SuperHeroesTests */ = {
			isa = PBXNativeTarget;
			buildConfigurationList = 9A1A6C261B14D03600419FD1 /* Build configuration list for PBXNativeTarget "SuperHeroesTests" */;
			buildPhases = (
				9A1A6C151B14D03600419FD1 /* Sources */,
				9A1A6C161B14D03600419FD1 /* Frameworks */,
				9A1A6C171B14D03600419FD1 /* Resources */,
			);
			buildRules = (
			);
			dependencies = (
				9A1A6C1B1B14D03600419FD1 /* PBXTargetDependency */,
			);
			name = SuperHeroesTests;
			productName = SuperHeroesTests;
			productReference = 9A1A6C191B14D03600419FD1 /* SuperHeroesTests.xctest */;
			productType = "com.apple.product-type.bundle.unit-test";
		};
/* End PBXNativeTarget section */

/* Begin PBXProject section */
		9A1A6BF81B14D03600419FD1 /* Project object */ = {
			isa = PBXProject;
			attributes = {
				LastUpgradeCheck = 0630;
				ORGANIZATIONNAME = DavidSights;
				TargetAttributes = {
					9A1A6BFF1B14D03600419FD1 = {
						CreatedOnToolsVersion = 6.3.1;
					};
					9A1A6C181B14D03600419FD1 = {
						CreatedOnToolsVersion = 6.3.1;
						TestTargetID = 9A1A6BFF1B14D03600419FD1;
					};
				};
			};
			buildConfigurationList = 9A1A6BFB1B14D03600419FD1 /* Build configuration list for PBXProject "SuperHeroes" */;
			compatibilityVersion = "Xcode 3.2";
			developmentRegion = English;
			hasScannedForEncodings = 0;
			knownRegions = (
				en,
				Base,
			);
			mainGroup = 9A1A6BF71B14D03600419FD1;
			productRefGroup = 9A1A6C011B14D03600419FD1 /* Products */;
			projectDirPath = "";
			projectRoot = "";
			targets = (
				9A1A6BFF1B14D03600419FD1 /* SuperHeroes */,
				9A1A6C181B14D03600419FD1 /* SuperHeroesTests */,
			);
		};
/* End PBXProject section */

/* Begin PBXResourcesBuildPhase section */
		9A1A6BFE1B14D03600419FD1 /* Resources */ = {
			isa = PBXResourcesBuildPhase;
			buildActionMask = 2147483647;
			files = (
				9A1A6C0F1B14D03600419FD1 /* Main.storyboard in Resources */,
				9A1A6C141B14D03600419FD1 /* LaunchScreen.xib in Resources */,
				9A1A6C111B14D03600419FD1 /* Images.xcassets in Resources */,
			);
			runOnlyForDeploymentPostprocessing = 0;
		};
		9A1A6C171B14D03600419FD1 /* Resources */ = {
			isa = PBXResourcesBuildPhase;
			buildActionMask = 2147483647;
			files = (
			);
			runOnlyForDeploymentPostprocessing = 0;
		};
/* End PBXResourcesBuildPhase section */

/* Begin PBXSourcesBuildPhase section */
		9A1A6BFC1B14D03600419FD1 /* Sources */ = {
			isa = PBXSourcesBuildPhase;
			buildActionMask = 2147483647;
			files = (
				9A1A6C0C1B14D03600419FD1 /* ViewController.m in Sources */,
				9A1A6C091B14D03600419FD1 /* AppDelegate.m in Sources */,
				9A1A6C061B14D03600419FD1 /* main.m in Sources */,
			);
			runOnlyForDeploymentPostprocessing = 0;
		};
		9A1A6C151B14D03600419FD1 /* Sources */ = {
			isa = PBXSourcesBuildPhase;
			buildActionMask = 2147483647;
			files = (
				9A1A6C201B14D03600419FD1 /* SuperHeroesTests.m in Sources */,
			);
			runOnlyForDeploymentPostprocessing = 0;
		};
/* End PBXSourcesBuildPhase section */

/* Begin PBXTargetDependency section */
		9A1A6C1B1B14D03600419FD1 /* PBXTargetDependency */ = {
			isa = PBXTargetDependency;
			target = 9A1A6BFF1B14D03600419FD1 /* SuperHeroes */;
			targetProxy = 9A1A6C1A1B14D03600419FD1 /* PBXContainerItemProxy */;
		};
/* End PBXTargetDependency section */

/* Begin PBXVariantGroup section */
		9A1A6C0D1B14D03600419FD1 /* Main.storyboard */ = {
			isa = PBXVariantGroup;
			children = (
				9A1A6C0E1B14D03600419FD1 /* Base */,
			);
			name = Main.storyboard;
			sourceTree = "<group>";
		};
		9A1A6C121B14D03600419FD1 /* LaunchScreen.xib */ = {
			isa = PBXVariantGroup;
			children = (
				9A1A6C131B14D03600419FD1 /* Base */,
			);
			name = LaunchScreen.xib;
			sourceTree = "<group>";
		};
/* End PBXVariantGroup section */

/* Begin XCBuildConfiguration section */
		9A1A6C211B14D03600419FD1 /* Debug */ = {
			isa = XCBuildConfiguration;
			buildSettings = {
				ALWAYS_SEARCH_USER_PATHS = NO;
				CLANG_CXX_LANGUAGE_STANDARD = "gnu++0x";
				CLANG_CXX_LIBRARY = "libc++";
				CLANG_ENABLE_MODULES = YES;
				CLANG_ENABLE_OBJC_ARC = YES;
				CLANG_WARN_BOOL_CONVERSION = YES;
				CLANG_WARN_CONSTANT_CONVERSION = YES;
				CLANG_WARN_DIRECT_OBJC_ISA_USAGE = YES_ERROR;
				CLANG_WARN_EMPTY_BODY = YES;
				CLANG_WARN_ENUM_CONVERSION = YES;
				CLANG_WARN_INT_CONVERSION = YES;
				CLANG_WARN_OBJC_ROOT_CLASS = YES_ERROR;
				CLANG_WARN_UNREACHABLE_CODE = YES;
				CLANG_WARN__DUPLICATE_METHOD_MATCH = YES;
				"CODE_SIGN_IDENTITY[sdk=iphoneos*]" = "iPhone Developer";
				COPY_PHASE_STRIP = NO;
				DEBUG_INFORMATION_FORMAT = "dwarf-with-dsym";
				ENABLE_STRICT_OBJC_MSGSEND = YES;
				GCC_C_LANGUAGE_STANDARD = gnu99;
				GCC_DYNAMIC_NO_PIC = NO;
				GCC_NO_COMMON_BLOCKS = YES;
				GCC_OPTIMIZATION_LEVEL = 0;
				GCC_PREPROCESSOR_DEFINITIONS = (
					"DEBUG=1",
					"$(inherited)",
				);
				GCC_SYMBOLS_PRIVATE_EXTERN = NO;
				GCC_WARN_64_TO_32_BIT_CONVERSION = YES;
				GCC_WARN_ABOUT_RETURN_TYPE = YES_ERROR;
				GCC_WARN_UNDECLARED_SELECTOR = YES;
				GCC_WARN_UNINITIALIZED_AUTOS = YES_AGGRESSIVE;
				GCC_WARN_UNUSED_FUNCTION = YES;
				GCC_WARN_UNUSED_VARIABLE = YES;
				IPHONEOS_DEPLOYMENT_TARGET = 8.3;
				MTL_ENABLE_DEBUG_INFO = YES;
				ONLY_ACTIVE_ARCH = YES;
				SDKROOT = iphoneos;
			};
			name = Debug;
		};
		9A1A6C221B14D03600419FD1 /* Release */ = {
			isa = XCBuildConfiguration;
			buildSettings = {
				ALWAYS_SEARCH_USER_PATHS = NO;
				CLANG_CXX_LANGUAGE_STANDARD = "gnu++0x";
				CLANG_CXX_LIBRARY = "libc++";
				CLANG_ENABLE_MODULES = YES;
				CLANG_ENABLE_OBJC_ARC = YES;
				CLANG_WARN_BOOL_CONVERSION = YES;
				CLANG_WARN_CONSTANT_CONVERSION = YES;
				CLANG_WARN_DIRECT_OBJC_ISA_USAGE = YES_ERROR;
				CLANG_WARN_EMPTY_BODY = YES;
				CLANG_WARN_ENUM_CONVERSION = YES;
				CLANG_WARN_INT_CONVERSION = YES;
				CLANG_WARN_OBJC_ROOT_CLASS = YES_ERROR;
				CLANG_WARN_UNREACHABLE_CODE = YES;
				CLANG_WARN__DUPLICATE_METHOD_MATCH = YES;
				"CODE_SIGN_IDENTITY[sdk=iphoneos*]" = "iPhone Developer";
				COPY_PHASE_STRIP = NO;
				DEBUG_INFORMATION_FORMAT = "dwarf-with-dsym";
				ENABLE_NS_ASSERTIONS = NO;
				ENABLE_STRICT_OBJC_MSGSEND = YES;
				GCC_C_LANGUAGE_STANDARD = gnu99;
				GCC_NO_COMMON_BLOCKS = YES;
				GCC_WARN_64_TO_32_BIT_CONVERSION = YES;
				GCC_WARN_ABOUT_RETURN_TYPE = YES_ERROR;
				GCC_WARN_UNDECLARED_SELECTOR = YES;
				GCC_WARN_UNINITIALIZED_AUTOS = YES_AGGRESSIVE;
				GCC_WARN_UNUSED_FUNCTION = YES;
				GCC_WARN_UNUSED_VARIABLE = YES;
				IPHONEOS_DEPLOYMENT_TARGET = 8.3;
				MTL_ENABLE_DEBUG_INFO = NO;
				SDKROOT = iphoneos;
				VALIDATE_PRODUCT = YES;
			};
			name = Release;
		};
		9A1A6C241B14D03600419FD1 /* Debug */ = {
			isa = XCBuildConfiguration;
			buildSettings = {
				ASSETCATALOG_COMPILER_APPICON_NAME = AppIcon;
				INFOPLIST_FILE = SuperHeroes/Info.plist;
				LD_RUNPATH_SEARCH_PATHS = "$(inherited) @executable_path/Frameworks";
				PRODUCT_NAME = "$(TARGET_NAME)";
			};
			name = Debug;
		};
		9A1A6C251B14D03600419FD1 /* Release */ = {
			isa = XCBuildConfiguration;
			buildSettings = {
				ASSETCATALOG_COMPILER_APPICON_NAME = AppIcon;
				INFOPLIST_FILE = SuperHeroes/Info.plist;
				LD_RUNPATH_SEARCH_PATHS = "$(inherited) @executable_path/Frameworks";
				PRODUCT_NAME = "$(TARGET_NAME)";
			};
			name = Release;
		};
		9A1A6C271B14D03600419FD1 /* Debug */ = {
			isa = XCBuildConfiguration;
			buildSettings = {
				BUNDLE_LOADER = "$(TEST_HOST)";
				FRAMEWORK_SEARCH_PATHS = (
					"$(SDKROOT)/Developer/Library/Frameworks",
					"$(inherited)",
				);
				GCC_PREPROCESSOR_DEFINITIONS = (
					"DEBUG=1",
					"$(inherited)",
				);
				INFOPLIST_FILE = SuperHeroesTests/Info.plist;
				LD_RUNPATH_SEARCH_PATHS = "$(inherited) @executable_path/Frameworks @loader_path/Frameworks";
				PRODUCT_NAME = "$(TARGET_NAME)";
				TEST_HOST = "$(BUILT_PRODUCTS_DIR)/SuperHeroes.app/SuperHeroes";
			};
			name = Debug;
		};
		9A1A6C281B14D03600419FD1 /* Release */ = {
			isa = XCBuildConfiguration;
			buildSettings = {
				BUNDLE_LOADER = "$(TEST_HOST)";
				FRAMEWORK_SEARCH_PATHS = (
					"$(SDKROOT)/Developer/Library/Frameworks",
					"$(inherited)",
				);
				INFOPLIST_FILE = SuperHeroesTests/Info.plist;
				LD_RUNPATH_SEARCH_PATHS = "$(inherited) @executable_path/Frameworks @loader_path/Frameworks";
				PRODUCT_NAME = "$(TARGET_NAME)";
				TEST_HOST = "$(BUILT_PRODUCTS_DIR)/SuperHeroes.app/SuperHeroes";
			};
			name = Release;
		};
/* End XCBuildConfiguration section */

/* Begin XCConfigurationList section */
		9A1A6BFB1B14D03600419FD1 /* Build configuration list for PBXProject "SuperHeroes" */ = {
			isa = XCConfigurationList;
			buildConfigurations = (
				9A1A6C211B14D03600419FD1 /* Debug */,
				9A1A6C221B14D03600419FD1 /* Release */,
			);
			defaultConfigurationIsVisible = 0;
			defaultConfigurationName = Release;
		};
		9A1A6C231B14D03600419FD1 /* Build configuration list for PBXNativeTarget "SuperHeroes" */ = {
			isa = XCConfigurationList;
			buildConfigurations = (
				9A1A6C241B14D03600419FD1 /* Debug */,
				9A1A6C251B14D03600419FD1 /* Release */,
			);
			defaultConfigurationIsVisible = 0;
		};
		9A1A6C261B14D03600419FD1 /* Build configuration list for PBXNativeTarget "SuperHeroesTests" */ = {
			isa = XCConfigurationList;
			buildConfigurations = (
				9A1A6C271B14D03600419FD1 /* Debug */,
				9A1A6C281B14D03600419FD1 /* Release */,
			);
			defaultConfigurationIsVisible = 0;
		};
/* End XCConfigurationList section */
	};
	rootObject = 9A1A6BF81B14D03600419FD1 /* Project object */;
}
